
Microsoft Visual Studio Solution File, Format Version 12.00
# Visual Studio 15
VisualStudioVersion = 15.0.27130.0
MinimumVisualStudioVersion = 10.0.40219.1
Project("{8BC9CEB8-8B4A-11D0-8D11-00A0C91BC942}") = "Application", "Application\Application.vcxproj", "{AFFBA3AE-FD2A-43E3-86FA-C553A175EFC8}"
	ProjectSection(ProjectDependencies) = postProject
		{0CBEA779-4F08-4DE5-8262-668E44D8FBBC} = {0CBEA779-4F08-4DE5-8262-668E44D8FBBC}
	EndProjectSection
EndProject
Project("{8BC9CEB8-8B4A-11D0-8D11-00A0C91BC942}") = "Engine", "Engine\Engine.vcxproj", "{0CBEA779-4F08-4DE5-8262-668E44D8FBBC}"
EndProject
Project("{8BC9CEB8-8B4A-11D0-8D11-00A0C91BC942}") = "JNI", "JNI\JNI.vcxproj", "{EE7347BE-9AC6-4D92-BD75-299FEF0EDEE8}"
	ProjectSection(ProjectDependencies) = postProject
		{0CBEA779-4F08-4DE5-8262-668E44D8FBBC} = {0CBEA779-4F08-4DE5-8262-668E44D8FBBC}
	EndProjectSection
EndProject
Project("{8BC9CEB8-8B4A-11D0-8D11-00A0C91BC942}") = "EngineTest", "EngineTest\EngineTest.vcxproj", "{FC00EF02-C9FA-4A6E-862A-DDE41FA17CC9}"
	ProjectSection(ProjectDependencies) = postProject
		{0CBEA779-4F08-4DE5-8262-668E44D8FBBC} = {0CBEA779-4F08-4DE5-8262-668E44D8FBBC}
	EndProjectSection
EndProject
Global
	GlobalSection(Performance) = preSolution
		HasPerformanceSessions = true
	EndGlobalSection
	GlobalSection(SolutionConfigurationPlatforms) = preSolution
		Debug|x64 = Debug|x64
		Debug|x86 = Debug|x86
		Release|x64 = Release|x64
		Release|x86 = Release|x86
	EndGlobalSection
	GlobalSection(ProjectConfigurationPlatforms) = postSolution
		{AFFBA3AE-FD2A-43E3-86FA-C553A175EFC8}.Debug|x64.ActiveCfg = Debug|x64
		{AFFBA3AE-FD2A-43E3-86FA-C553A175EFC8}.Debug|x64.Build.0 = Debug|x64
		{AFFBA3AE-FD2A-43E3-86FA-C553A175EFC8}.Debug|x86.ActiveCfg = Debug|Win32
		{AFFBA3AE-FD2A-43E3-86FA-C553A175EFC8}.Debug|x86.Build.0 = Debug|Win32
		{AFFBA3AE-FD2A-43E3-86FA-C553A175EFC8}.Release|x64.ActiveCfg = Release|x64
		{AFFBA3AE-FD2A-43E3-86FA-C553A175EFC8}.Release|x64.Build.0 = Release|x64
		{AFFBA3AE-FD2A-43E3-86FA-C553A175EFC8}.Release|x86.ActiveCfg = Release|Win32
		{AFFBA3AE-FD2A-43E3-86FA-C553A175EFC8}.Release|x86.Build.0 = Release|Win32
		{0CBEA779-4F08-4DE5-8262-668E44D8FBBC}.Debug|x64.ActiveCfg = Debug|x64
		{0CBEA779-4F08-4DE5-8262-668E44D8FBBC}.Debug|x64.Build.0 = Debug|x64
		{0CBEA779-4F08-4DE5-8262-668E44D8FBBC}.Debug|x86.ActiveCfg = Debug|Win32
		{0CBEA779-4F08-4DE5-8262-668E44D8FBBC}.Debug|x86.Build.0 = Debug|Win32
		{0CBEA779-4F08-4DE5-8262-668E44D8FBBC}.Release|x64.ActiveCfg = Release|x64
		{0CBEA779-4F08-4DE5-8262-668E44D8FBBC}.Release|x64.Build.0 = Release|x64
		{0CBEA779-4F08-4DE5-8262-668E44D8FBBC}.Release|x86.ActiveCfg = Release|Win32
		{0CBEA779-4F08-4DE5-8262-668E44D8FBBC}.Release|x86.Build.0 = Release|Win32
		{EE7347BE-9AC6-4D92-BD75-299FEF0EDEE8}.Debug|x64.ActiveCfg = Debug|x64
		{EE7347BE-9AC6-4D92-BD75-299FEF0EDEE8}.Debug|x64.Build.0 = Debug|x64
		{EE7347BE-9AC6-4D92-BD75-299FEF0EDEE8}.Debug|x86.ActiveCfg = Debug|Win32
		{EE7347BE-9AC6-4D92-BD75-299FEF0EDEE8}.Debug|x86.Build.0 = Debug|Win32
		{EE7347BE-9AC6-4D92-BD75-299FEF0EDEE8}.Release|x64.ActiveCfg = Release|x64
		{EE7347BE-9AC6-4D92-BD75-299FEF0EDEE8}.Release|x64.Build.0 = Release|x64
		{EE7347BE-9AC6-4D92-BD75-299FEF0EDEE8}.Release|x86.ActiveCfg = Release|Win32
		{EE7347BE-9AC6-4D92-BD75-299FEF0EDEE8}.Release|x86.Build.0 = Release|Win32
		{FC00EF02-C9FA-4A6E-862A-DDE41FA17CC9}.Debug|x64.ActiveCfg = Debug|x64
		{FC00EF02-C9FA-4A6E-862A-DDE41FA17CC9}.Debug|x64.Build.0 = Debug|x64
		{FC00EF02-C9FA-4A6E-862A-DDE41FA17CC9}.Debug|x86.ActiveCfg = Debug|Win32
		{FC00EF02-C9FA-4A6E-862A-DDE41FA17CC9}.Debug|x86.Build.0 = Debug|Win32
		{FC00EF02-C9FA-4A6E-862A-DDE41FA17CC9}.Release|x64.ActiveCfg = Release|x64
		{FC00EF02-C9FA-4A6E-862A-DDE41FA17CC9}.Release|x64.Build.0 = Release|x64
		{FC00EF02-C9FA-4A6E-862A-DDE41FA17CC9}.Release|x86.ActiveCfg = Release|Win32
		{FC00EF02-C9FA-4A6E-862A-DDE41FA17CC9}.Release|x86.Build.0 = Release|Win32
	EndGlobalSection
	GlobalSection(SolutionProperties) = preSolution
		HideSolutionNode = FALSE
	EndGlobalSection
	GlobalSection(ExtensibilityGlobals) = postSolution
		SolutionGuid = {20B8F708-3B46-4271-BB07-ACB0A9C06C07}
	EndGlobalSection
EndGlobal
