<?xml version="1.0" encoding="utf-8"?>
<Project ToolsVersion="4.0" xmlns="http://schemas.microsoft.com/developer/msbuild/2003">
  <ItemGroup>
    <Filter Include="Source Files">
      <UniqueIdentifier>{4FC737F1-C7A5-4376-A066-2A32D752A2FF}</UniqueIdentifier>
      <Extensions>cpp;c;cc;cxx;def;odl;idl;hpj;bat;asm;asmx</Extensions>
    </Filter>
    <Filter Include="Header Files">
      <UniqueIdentifier>{93995380-89BD-4b04-88EB-625FBE52EBFB}</UniqueIdentifier>
      <Extensions>h;hh;hpp;hxx;hm;inl;inc;xsd</Extensions>
    </Filter>
    <Filter Include="Resource Files">
      <UniqueIdentifier>{67DA6AB6-F800-4c08-8B7A-83BB121AAD01}</UniqueIdentifier>
      <Extensions>rc;ico;cur;bmp;dlg;rc2;rct;bin;rgs;gif;jpg;jpeg;jpe;resx;tiff;tif;png;wav;mfcribbon-ms</Extensions>
    </Filter>
  </ItemGroup>
  <ItemGroup>
    <ClCompile Include="Source\Math\Matrix4f.cpp">
      <Filter>Source Files</Filter>
    </ClCompile>
    <ClCompile Include="Source\Math\Quaternion.cpp">
      <Filter>Source Files</Filter>
    </ClCompile>
    <ClCompile Include="Source\Math\Vector3f.cpp">
      <Filter>Source Files</Filter>
    </ClCompile>
    <ClCompile Include="Source\Camera\Camera.cpp">
      <Filter>Source Files</Filter>
    </ClCompile>
    <ClCompile Include="Source\Camera\DefaultCamera.cpp">
      <Filter>Source Files</Filter>
    </ClCompile>
    <ClCompile Include="Source\Core\Ray.cpp">
      <Filter>Source Files</Filter>
    </ClCompile>
    <ClCompile Include="Source\Math\random_number.cpp">
      <Filter>Source Files</Filter>
    </ClCompile>
    <ClCompile Include="Source\Core\Renderer.cpp">
      <Filter>Source Files</Filter>
    </ClCompile>
    <ClCompile Include="Source\Image\Frame.cpp">
      <Filter>Source Files</Filter>
    </ClCompile>
    <ClCompile Include="Source\Image\HDRFrame.cpp">
      <Filter>Source Files</Filter>
    </ClCompile>
    <ClCompile Include="Source\World\World.cpp">
      <Filter>Source Files</Filter>
    </ClCompile>
    <ClCompile Include="Source\Api\ApiDatabase.cpp">
      <Filter>Source Files</Filter>
    </ClCompile>
    <ClCompile Include="Source\Api\ph_core.cpp">
      <Filter>Source Files</Filter>
    </ClCompile>
    <ClCompile Include="Source\Api\ph_image.cpp">
      <Filter>Source Files</Filter>
    </ClCompile>
    <ClCompile Include="Source\Api\ph_test.cpp">
      <Filter>Source Files</Filter>
    </ClCompile>
    <ClCompile Include="Source\World\Intersector.cpp">
      <Filter>Source Files</Filter>
    </ClCompile>
    <ClCompile Include="Source\World\BruteForceIntersector.cpp">
      <Filter>Source Files</Filter>
    </ClCompile>
    <ClCompile Include="Source\Core\Intersection.cpp">
      <Filter>Source Files</Filter>
    </ClCompile>
    <ClCompile Include="Source\Math\TransformInfo.cpp">
      <Filter>Source Files</Filter>
    </ClCompile>
    <ClCompile Include="Source\Math\Transform.cpp">
      <Filter>Source Files</Filter>
    </ClCompile>
    <ClCompile Include="Source\Api\test_scene.cpp">
      <Filter>Source Files</Filter>
    </ClCompile>
    <ClCompile Include="Source\Image\ConstantTexture.cpp">
      <Filter>Source Files</Filter>
    </ClCompile>
    <ClCompile Include="Source\Image\Texture.cpp">
      <Filter>Source Files</Filter>
    </ClCompile>
    <ClCompile Include="Source\Image\CheckerboardTexture.cpp">
      <Filter>Source Files</Filter>
    </ClCompile>
    <ClCompile Include="Source\Api\ph_query.cpp">
      <Filter>Source Files</Filter>
    </ClCompile>
    <ClCompile Include="Source\Image\PixelTexture.cpp">
      <Filter>Source Files</Filter>
    </ClCompile>
    <ClCompile Include="Source\Common\ThirdParty\lib_stb.cpp">
      <Filter>Source Files</Filter>
    </ClCompile>
    <ClCompile Include="Source\Image\TextureLoader.cpp">
      <Filter>Source Files</Filter>
    </ClCompile>
    <ClCompile Include="Source\World\Kdtree\KdtreeIntersector.cpp">
      <Filter>Source Files</Filter>
    </ClCompile>
    <ClCompile Include="Source\World\Kdtree\KdtreeNode.cpp">
      <Filter>Source Files</Filter>
    </ClCompile>
    <ClCompile Include="Source\World\Kdtree\KdtreeAABB.cpp">
      <Filter>Source Files</Filter>
    </ClCompile>
    <ClCompile Include="Source\Image\Film\Film.cpp">
      <Filter>Source Files</Filter>
    </ClCompile>
    <ClCompile Include="Source\Core\SampleGenerator\SampleGenerator.cpp">
      <Filter>Source Files</Filter>
    </ClCompile>
    <ClCompile Include="Source\Core\SampleGenerator\PixelJitterSampleGenerator.cpp">
      <Filter>Source Files</Filter>
    </ClCompile>
    <ClCompile Include="Source\Core\Renderer\PreviewRenderer.cpp">
      <Filter>Source Files</Filter>
    </ClCompile>
    <ClCompile Include="Source\Core\SampleGenerator\PixelFixedSampleGenerator.cpp">
      <Filter>Source Files</Filter>
    </ClCompile>
    <ClCompile Include="Source\Entity\Geometry\Geometry.cpp">
      <Filter>Source Files</Filter>
    </ClCompile>
    <ClCompile Include="Source\Entity\Geometry\GRectangle.cpp">
      <Filter>Source Files</Filter>
    </ClCompile>
    <ClCompile Include="Source\Entity\Geometry\GSphere.cpp">
      <Filter>Source Files</Filter>
    </ClCompile>
    <ClCompile Include="Source\Entity\Geometry\GTriangle.cpp">
      <Filter>Source Files</Filter>
    </ClCompile>
    <ClCompile Include="Source\Entity\Geometry\GTriangleMesh.cpp">
      <Filter>Source Files</Filter>
    </ClCompile>
    <ClCompile Include="Source\Entity\Material\AbradedOpaque.cpp">
      <Filter>Source Files</Filter>
    </ClCompile>
    <ClCompile Include="Source\Entity\Material\AbradedTranslucent.cpp">
      <Filter>Source Files</Filter>
    </ClCompile>
    <ClCompile Include="Source\Entity\Material\LightMaterial.cpp">
      <Filter>Source Files</Filter>
    </ClCompile>
    <ClCompile Include="Source\Entity\Material\Material.cpp">
      <Filter>Source Files</Filter>
    </ClCompile>
    <ClCompile Include="Source\Entity\Material\MatteOpaque.cpp">
      <Filter>Source Files</Filter>
    </ClCompile>
    <ClCompile Include="Source\Entity\Material\PerfectMirror.cpp">
      <Filter>Source Files</Filter>
    </ClCompile>
    <ClCompile Include="Source\Entity\ModelParser\AiMaterialParser.cpp">
      <Filter>Source Files</Filter>
    </ClCompile>
    <ClCompile Include="Source\Entity\ModelParser\AiMeshParser.cpp">
      <Filter>Source Files</Filter>
    </ClCompile>
    <ClCompile Include="Source\Entity\ModelParser\AssimpModelParser.cpp">
      <Filter>Source Files</Filter>
    </ClCompile>
    <ClCompile Include="Source\Entity\ModelParser\ModelParser.cpp">
      <Filter>Source Files</Filter>
    </ClCompile>
    <ClCompile Include="Source\Entity\TextureMapper\DefaultMapper.cpp">
      <Filter>Source Files</Filter>
    </ClCompile>
    <ClCompile Include="Source\Entity\TextureMapper\SphericalMapper.cpp">
      <Filter>Source Files</Filter>
    </ClCompile>
    <ClCompile Include="Source\Entity\TextureMapper\TextureMapper.cpp">
      <Filter>Source Files</Filter>
    </ClCompile>
    <ClCompile Include="Source\Entity\ModelLoader.cpp">
      <Filter>Source Files</Filter>
    </ClCompile>
    <ClCompile Include="Source\Entity\Entity.cpp">
      <Filter>Source Files</Filter>
    </ClCompile>
    <ClCompile Include="Source\Core\Integrator\Integrator.cpp">
      <Filter>Source Files</Filter>
    </ClCompile>
    <ClCompile Include="Source\Core\Integrator\BackwardPathIntegrator.cpp">
      <Filter>Source Files</Filter>
    </ClCompile>
    <ClCompile Include="Source\Core\Renderer\MtImportanceRenderer.cpp">
      <Filter>Source Files</Filter>
    </ClCompile>
    <ClCompile Include="Source\Core\Integrator\BackwardLightIntegrator.cpp">
      <Filter>Source Files</Filter>
    </ClCompile>
    <ClCompile Include="Source\FileIO\RenderDataFileLoader.cpp">
      <Filter>Source Files</Filter>
    </ClCompile>
    <ClCompile Include="Source\World\LightSampler\LightSampler.cpp">
      <Filter>Source Files</Filter>
    </ClCompile>
    <ClCompile Include="Source\World\LightSampler\UniformRandomLightSampler.cpp">
      <Filter>Source Files</Filter>
    </ClCompile>
    <ClCompile Include="Source\Core\Primitive\Primitive.cpp">
      <Filter>Source Files</Filter>
    </ClCompile>
    <ClCompile Include="Source\Core\Primitive\PrimitiveMetadata.cpp">
      <Filter>Source Files</Filter>
    </ClCompile>
    <ClCompile Include="Source\Core\Primitive\PTriangle.cpp">
      <Filter>Source Files</Filter>
    </ClCompile>
    <ClCompile Include="Source\Core\Emitter\Emitter.cpp">
      <Filter>Source Files</Filter>
    </ClCompile>
    <ClCompile Include="Source\Entity\Light\Light.cpp">
      <Filter>Source Files</Filter>
    </ClCompile>
    <ClCompile Include="Source\Core\Emitter\EmitterMetadata.cpp">
      <Filter>Source Files</Filter>
    </ClCompile>
    <ClCompile Include="Source\Entity\Light\AreaLight.cpp">
      <Filter>Source Files</Filter>
    </ClCompile>
    <ClCompile Include="Source\Core\Emitter\PrimitiveEmitter.cpp">
      <Filter>Source Files</Filter>
    </ClCompile>
    <ClCompile Include="Source\Core\Primitive\PrimitiveStorage.cpp">
      <Filter>Source Files</Filter>
    </ClCompile>
    <ClCompile Include="Source\Core\Emitter\EmitterStorage.cpp">
      <Filter>Source Files</Filter>
    </ClCompile>
    <ClCompile Include="Source\Core\BoundingVolume\AABB.cpp">
      <Filter>Source Files</Filter>
    </ClCompile>
    <ClCompile Include="Source\Entity\Material\SurfaceBehavior\random_sample.cpp">
      <Filter>Source Files</Filter>
    </ClCompile>
    <ClCompile Include="Source\Entity\Material\SurfaceBehavior\SurfaceBehavior.cpp">
      <Filter>Source Files</Filter>
    </ClCompile>
    <ClCompile Include="Source\Entity\Material\SurfaceBehavior\STranslucentMicrofacet.cpp">
      <Filter>Source Files</Filter>
    </ClCompile>
    <ClCompile Include="Source\Entity\Material\SurfaceBehavior\SPerfectMirror.cpp">
      <Filter>Source Files</Filter>
    </ClCompile>
    <ClCompile Include="Source\Entity\Material\SurfaceBehavior\SOpaqueMicrofacet.cpp">
      <Filter>Source Files</Filter>
    </ClCompile>
    <ClCompile Include="Source\Entity\Material\SurfaceBehavior\SLight.cpp">
      <Filter>Source Files</Filter>
    </ClCompile>
    <ClCompile Include="Source\Entity\Material\SurfaceBehavior\SLambertianDiffuse.cpp">
      <Filter>Source Files</Filter>
    </ClCompile>
  </ItemGroup>
  <ItemGroup>
    <ClInclude Include="Source\Math\Matrix4f.h">
      <Filter>Header Files</Filter>
    </ClInclude>
    <ClInclude Include="Source\Math\Quaternion.h">
      <Filter>Header Files</Filter>
    </ClInclude>
    <ClInclude Include="Source\Math\Vector3f.h">
      <Filter>Header Files</Filter>
    </ClInclude>
    <ClInclude Include="Source\Common\primitive_type.h">
      <Filter>Header Files</Filter>
    </ClInclude>
    <ClInclude Include="Include\ph_core.h">
      <Filter>Header Files</Filter>
    </ClInclude>
    <ClInclude Include="Include\ph_test.h">
      <Filter>Header Files</Filter>
    </ClInclude>
    <ClInclude Include="Source\Camera\Camera.h">
      <Filter>Header Files</Filter>
    </ClInclude>
    <ClInclude Include="Source\Camera\DefaultCamera.h">
      <Filter>Header Files</Filter>
    </ClInclude>
    <ClInclude Include="Source\Core\Ray.h">
      <Filter>Header Files</Filter>
    </ClInclude>
    <ClInclude Include="Source\Core\Intersection.h">
      <Filter>Header Files</Filter>
    </ClInclude>
    <ClInclude Include="Source\Math\random_number.h">
      <Filter>Header Files</Filter>
    </ClInclude>
    <ClInclude Include="Source\Math\constant.h">
      <Filter>Header Files</Filter>
    </ClInclude>
    <ClInclude Include="Source\Utility\TStableIndexDenseArray.h">
      <Filter>Header Files</Filter>
    </ClInclude>
    <ClInclude Include="Source\Core\Renderer.h">
      <Filter>Header Files</Filter>
    </ClInclude>
    <ClInclude Include="Source\Image\Frame.h">
      <Filter>Header Files</Filter>
    </ClInclude>
    <ClInclude Include="Source\Image\HDRFrame.h">
      <Filter>Header Files</Filter>
    </ClInclude>
    <ClInclude Include="Source\Core\Sample.h">
      <Filter>Header Files</Filter>
    </ClInclude>
    <ClInclude Include="Source\World\World.h">
      <Filter>Header Files</Filter>
    </ClInclude>
    <ClInclude Include="Source\Api\ApiDatabase.h">
      <Filter>Header Files</Filter>
    </ClInclude>
    <ClInclude Include="Source\Math\Color.h">
      <Filter>Header Files</Filter>
    </ClInclude>
    <ClInclude Include="Source\Math\Math.h">
      <Filter>Header Files</Filter>
    </ClInclude>
    <ClInclude Include="Source\World\Intersector.h">
      <Filter>Header Files</Filter>
    </ClInclude>
    <ClInclude Include="Source\World\BruteForceIntersector.h">
      <Filter>Header Files</Filter>
    </ClInclude>
    <ClInclude Include="Source\Math\TransformInfo.h">
      <Filter>Header Files</Filter>
    </ClInclude>
    <ClInclude Include="Source\Math\Transform.h">
      <Filter>Header Files</Filter>
    </ClInclude>
    <ClInclude Include="Source\Api\test_scene.h">
      <Filter>Header Files</Filter>
    </ClInclude>
    <ClInclude Include="Source\Image\Texture.h">
      <Filter>Header Files</Filter>
    </ClInclude>
    <ClInclude Include="Source\Image\ConstantTexture.h">
      <Filter>Header Files</Filter>
    </ClInclude>
    <ClInclude Include="Source\Math\vector_math.h">
      <Filter>Header Files</Filter>
    </ClInclude>
    <ClInclude Include="Source\Math\Normal3f.h">
      <Filter>Header Files</Filter>
    </ClInclude>
    <ClInclude Include="Source\Image\CheckerboardTexture.h">
      <Filter>Header Files</Filter>
    </ClInclude>
    <ClInclude Include="Include\ph_query.h">
      <Filter>Header Files</Filter>
    </ClInclude>
    <ClInclude Include="Source\Image\PixelTexture.h">
      <Filter>Header Files</Filter>
    </ClInclude>
    <ClInclude Include="Source\Common\ThirdParty\lib_stb.h">
      <Filter>Header Files</Filter>
    </ClInclude>
    <ClInclude Include="Source\Image\TextureLoader.h">
      <Filter>Header Files</Filter>
    </ClInclude>
    <ClInclude Include="Source\World\Kdtree\KdtreeIntersector.h">
      <Filter>Header Files</Filter>
    </ClInclude>
    <ClInclude Include="Source\World\Kdtree\KdtreeNode.h">
      <Filter>Header Files</Filter>
    </ClInclude>
    <ClInclude Include="Source\World\Kdtree\KdtreeAABB.h">
      <Filter>Header Files</Filter>
    </ClInclude>
    <ClInclude Include="Source\World\Kdtree\kdtree_core.h">
      <Filter>Header Files</Filter>
    </ClInclude>
    <ClInclude Include="Source\Image\Film\Film.h">
      <Filter>Header Files</Filter>
    </ClInclude>
    <ClInclude Include="Source\Image\Film\RadianceSensor.h">
      <Filter>Header Files</Filter>
    </ClInclude>
    <ClInclude Include="Source\Core\SampleGenerator\SampleGenerator.h">
      <Filter>Header Files</Filter>
    </ClInclude>
    <ClInclude Include="Source\Core\SampleGenerator\PixelJitterSampleGenerator.h">
      <Filter>Header Files</Filter>
    </ClInclude>
    <ClInclude Include="Source\Core\Renderer\PreviewRenderer.h">
      <Filter>Header Files</Filter>
    </ClInclude>
    <ClInclude Include="Source\Core\SampleGenerator\PixelFixedSampleGenerator.h">
      <Filter>Header Files</Filter>
    </ClInclude>
    <ClInclude Include="Source\Entity\Geometry\Geometry.h">
      <Filter>Header Files</Filter>
    </ClInclude>
    <ClInclude Include="Source\Entity\Geometry\GRectangle.h">
      <Filter>Header Files</Filter>
    </ClInclude>
    <ClInclude Include="Source\Entity\Geometry\GSphere.h">
      <Filter>Header Files</Filter>
    </ClInclude>
    <ClInclude Include="Source\Entity\Geometry\GTriangle.h">
      <Filter>Header Files</Filter>
    </ClInclude>
    <ClInclude Include="Source\Entity\Geometry\GTriangleMesh.h">
      <Filter>Header Files</Filter>
    </ClInclude>
    <ClInclude Include="Source\Entity\Material\AbradedOpaque.h">
      <Filter>Header Files</Filter>
    </ClInclude>
    <ClInclude Include="Source\Entity\Material\AbradedTranslucent.h">
      <Filter>Header Files</Filter>
    </ClInclude>
    <ClInclude Include="Source\Entity\Material\LightMaterial.h">
      <Filter>Header Files</Filter>
    </ClInclude>
    <ClInclude Include="Source\Entity\Material\Material.h">
      <Filter>Header Files</Filter>
    </ClInclude>
    <ClInclude Include="Source\Entity\Material\MatteOpaque.h">
      <Filter>Header Files</Filter>
    </ClInclude>
    <ClInclude Include="Source\Entity\Material\PerfectMirror.h">
      <Filter>Header Files</Filter>
    </ClInclude>
    <ClInclude Include="Source\Entity\ModelParser\AiMaterialParser.h">
      <Filter>Header Files</Filter>
    </ClInclude>
    <ClInclude Include="Source\Entity\ModelParser\AiMeshParser.h">
      <Filter>Header Files</Filter>
    </ClInclude>
    <ClInclude Include="Source\Entity\ModelParser\AssimpModelParser.h">
      <Filter>Header Files</Filter>
    </ClInclude>
    <ClInclude Include="Source\Entity\ModelParser\ModelParser.h">
      <Filter>Header Files</Filter>
    </ClInclude>
    <ClInclude Include="Source\Entity\TextureMapper\DefaultMapper.h">
      <Filter>Header Files</Filter>
    </ClInclude>
    <ClInclude Include="Source\Entity\TextureMapper\SphericalMapper.h">
      <Filter>Header Files</Filter>
    </ClInclude>
    <ClInclude Include="Source\Entity\TextureMapper\TextureMapper.h">
      <Filter>Header Files</Filter>
    </ClInclude>
    <ClInclude Include="Source\Entity\ModelLoader.h">
      <Filter>Header Files</Filter>
    </ClInclude>
    <ClInclude Include="Source\Entity\Entity.h">
      <Filter>Header Files</Filter>
    </ClInclude>
    <ClInclude Include="Source\World\TManagedResource.h">
      <Filter>Header Files</Filter>
    </ClInclude>
    <ClInclude Include="Source\Core\Integrator\BackwardPathIntegrator.h">
      <Filter>Header Files</Filter>
    </ClInclude>
    <ClInclude Include="Source\Core\Integrator\Integrator.h">
      <Filter>Header Files</Filter>
    </ClInclude>
    <ClInclude Include="Source\Core\Renderer\MtImportanceRenderer.h">
      <Filter>Header Files</Filter>
    </ClInclude>
    <ClInclude Include="Source\Core\Integrator\BackwardLightIntegrator.h">
      <Filter>Header Files</Filter>
    </ClInclude>
    <ClInclude Include="Source\FileIO\RenderDataFileLoader.h">
      <Filter>Header Files</Filter>
    </ClInclude>
    <ClInclude Include="Source\World\LightSampler\LightSampler.h">
      <Filter>Header Files</Filter>
    </ClInclude>
    <ClInclude Include="Source\World\LightSampler\UniformRandomLightSampler.h">
      <Filter>Header Files</Filter>
    </ClInclude>
    <ClInclude Include="Source\Core\Primitive\Primitive.h">
      <Filter>Header Files</Filter>
    </ClInclude>
    <ClInclude Include="Source\Core\Primitive\PrimitiveMetadata.h">
      <Filter>Header Files</Filter>
    </ClInclude>
    <ClInclude Include="Source\Core\Primitive\PTriangle.h">
      <Filter>Header Files</Filter>
    </ClInclude>
    <ClInclude Include="Source\Core\Emitter\Emitter.h">
      <Filter>Header Files</Filter>
    </ClInclude>
    <ClInclude Include="Source\Entity\Light\Light.h">
      <Filter>Header Files</Filter>
    </ClInclude>
    <ClInclude Include="Source\Core\Emitter\EmitterMetadata.h">
      <Filter>Header Files</Filter>
    </ClInclude>
    <ClInclude Include="Source\Entity\Light\AreaLight.h">
      <Filter>Header Files</Filter>
    </ClInclude>
    <ClInclude Include="Source\Core\Emitter\PrimitiveEmitter.h">
      <Filter>Header Files</Filter>
    </ClInclude>
    <ClInclude Include="Source\Core\Primitive\PrimitiveStorage.h">
      <Filter>Header Files</Filter>
    </ClInclude>
    <ClInclude Include="Source\Core\Emitter\EmitterStorage.h">
      <Filter>Header Files</Filter>
    </ClInclude>
    <ClInclude Include="Source\Core\BoundingVolume\AABB.h">
      <Filter>Header Files</Filter>
    </ClInclude>
    <ClInclude Include="Source\Entity\Material\SurfaceBehavior\ESurfaceSampleType.h">
      <Filter>Header Files</Filter>
    </ClInclude>
    <ClInclude Include="Source\Entity\Material\SurfaceBehavior\Microfacet.h">
      <Filter>Header Files</Filter>
    </ClInclude>
    <ClInclude Include="Source\Entity\Material\SurfaceBehavior\random_sample.h">
      <Filter>Header Files</Filter>
    </ClInclude>
    <ClInclude Include="Source\Entity\Material\SurfaceBehavior\SurfaceBehavior.h">
      <Filter>Header Files</Filter>
    </ClInclude>
    <ClInclude Include="Source\Entity\Material\SurfaceBehavior\SurfaceSample.h">
      <Filter>Header Files</Filter>
    </ClInclude>
    <ClInclude Include="Source\Entity\Material\SurfaceBehavior\STranslucentMicrofacet.h">
      <Filter>Header Files</Filter>
    </ClInclude>
    <ClInclude Include="Source\Entity\Material\SurfaceBehavior\SPerfectMirror.h">
      <Filter>Header Files</Filter>
    </ClInclude>
    <ClInclude Include="Source\Entity\Material\SurfaceBehavior\SOpaqueMicrofacet.h">
      <Filter>Header Files</Filter>
    </ClInclude>
    <ClInclude Include="Source\Entity\Material\SurfaceBehavior\SLight.h">
      <Filter>Header Files</Filter>
    </ClInclude>
    <ClInclude Include="Source\Entity\Material\SurfaceBehavior\SLambertianDiffuse.h">
      <Filter>Header Files</Filter>
    </ClInclude>
  </ItemGroup>
</Project>